
Microsoft Visual Studio Solution File, Format Version 12.00
Project("{FAE04EC0-301F-11D3-BF4B-00C04F79EFBC}") = "Calculator", "Calculator\Calculator.csproj", "{72668512-D4EB-45B6-B2CC-7A8482D9C9D1}"
EndProject
Project("{FAE04EC0-301F-11D3-BF4B-00C04F79EFBC}") = "CalculatorUnitTests", "CalculatorUnitTests\CalculatorUnitTests.csproj", "{A7149A7D-491A-4F45-9CFA-859BBE8D23E0}"
EndProject
Project("{FAE04EC0-301F-11D3-BF4B-00C04F79EFBC}") = "CalculatorWebServerApp", "CalculatorWebServerApp\CalculatorWebServerApp.csproj", "{A0CD07F3-7C74-418A-B65A-85EBD42A75D0}"
EndProject
Global
	GlobalSection(SolutionConfigurationPlatforms) = preSolution
		Debug|Any CPU = Debug|Any CPU
		Release|Any CPU = Release|Any CPU
	EndGlobalSection
	GlobalSection(ProjectConfigurationPlatforms) = postSolution
		{72668512-D4EB-45B6-B2CC-7A8482D9C9D1}.Debug|Any CPU.ActiveCfg = Debug|Any CPU
		{72668512-D4EB-45B6-B2CC-7A8482D9C9D1}.Debug|Any CPU.Build.0 = Debug|Any CPU
		{72668512-D4EB-45B6-B2CC-7A8482D9C9D1}.Release|Any CPU.ActiveCfg = Release|Any CPU
		{72668512-D4EB-45B6-B2CC-7A8482D9C9D1}.Release|Any CPU.Build.0 = Release|Any CPU
		{A7149A7D-491A-4F45-9CFA-859BBE8D23E0}.Debug|Any CPU.ActiveCfg = Debug|Any CPU
		{A7149A7D-491A-4F45-9CFA-859BBE8D23E0}.Debug|Any CPU.Build.0 = Debug|Any CPU
		{A7149A7D-491A-4F45-9CFA-859BBE8D23E0}.Release|Any CPU.ActiveCfg = Release|Any CPU
		{A7149A7D-491A-4F45-9CFA-859BBE8D23E0}.Release|Any CPU.Build.0 = Release|Any CPU
		{A0CD07F3-7C74-418A-B65A-85EBD42A75D0}.Debug|Any CPU.ActiveCfg = Debug|Any CPU
		{A0CD07F3-7C74-418A-B65A-85EBD42A75D0}.Debug|Any CPU.Build.0 = Debug|Any CPU
		{A0CD07F3-7C74-418A-B65A-85EBD42A75D0}.Release|Any CPU.ActiveCfg = Release|Any CPU
		{A0CD07F3-7C74-418A-B65A-85EBD42A75D0}.Release|Any CPU.Build.0 = Release|Any CPU
	EndGlobalSection
EndGlobal
